// !$*UTF8*$!
{
	archiveVersion = 1;
	classes = {
	};
	objectVersion = 48;
	objects = {

/* Begin PBXBuildFile section */
		548E046681A6754015498329 /* libPods-PurchaseProject.a in Frameworks */ = {isa = PBXBuildFile; fileRef = A6769B6ED0F947464990AEA0 /* libPods-PurchaseProject.a */; };
		C26DE94E3484B76EC76F9310 /* libPods-PurchaseProjectTests.a in Frameworks */ = {isa = PBXBuildFile; fileRef = 0A7401DA7D1EE0B5E39C7390 /* libPods-PurchaseProjectTests.a */; };
		CB5913502058BB0B00D25FE3 /* ViewController.m in Sources */ = {isa = PBXBuildFile; fileRef = CB59134F2058BB0B00D25FE3 /* ViewController.m */; };
		CB5913532058BB0B00D25FE3 /* Main.storyboard in Resources */ = {isa = PBXBuildFile; fileRef = CB5913512058BB0B00D25FE3 /* Main.storyboard */; };
		CB5913552058BB0B00D25FE3 /* Assets.xcassets in Resources */ = {isa = PBXBuildFile; fileRef = CB5913542058BB0B00D25FE3 /* Assets.xcassets */; };
		CB5913582058BB0B00D25FE3 /* LaunchScreen.storyboard in Resources */ = {isa = PBXBuildFile; fileRef = CB5913562058BB0B00D25FE3 /* LaunchScreen.storyboard */; };
		CB59135B2058BB0B00D25FE3 /* main.m in Sources */ = {isa = PBXBuildFile; fileRef = CB59135A2058BB0B00D25FE3 /* main.m */; };
		CB5913652058BB0B00D25FE3 /* PurchaseProjectTests.m in Sources */ = {isa = PBXBuildFile; fileRef = CB5913642058BB0B00D25FE3 /* PurchaseProjectTests.m */; };
		CB5913702058BB0B00D25FE3 /* PurchaseProjectUITests.m in Sources */ = {isa = PBXBuildFile; fileRef = CB59136F2058BB0B00D25FE3 /* PurchaseProjectUITests.m */; };
		CB5913812058BC0A00D25FE3 /* AppDelegate.m in Sources */ = {isa = PBXBuildFile; fileRef = CB59137F2058BC0900D25FE3 /* AppDelegate.m */; };
		CB89FA742085E7FF0093745B /* CommUtls.m in Sources */ = {isa = PBXBuildFile; fileRef = CB89FA642085E7FF0093745B /* CommUtls.m */; };
		CB89FA752085E7FF0093745B /* UIBarButtonItem+HMCategory.m in Sources */ = {isa = PBXBuildFile; fileRef = CB89FA672085E7FF0093745B /* UIBarButtonItem+HMCategory.m */; };
		CB89FA772085E7FF0093745B /* UIView+HMCategory.m in Sources */ = {isa = PBXBuildFile; fileRef = CB89FA6A2085E7FF0093745B /* UIView+HMCategory.m */; };
		CB89FA782085E7FF0093745B /* NSString+Valider.m in Sources */ = {isa = PBXBuildFile; fileRef = CB89FA6F2085E7FF0093745B /* NSString+Valider.m */; };
		CB89FA792085E7FF0093745B /* UIColor+Addition.m in Sources */ = {isa = PBXBuildFile; fileRef = CB89FA712085E7FF0093745B /* UIColor+Addition.m */; };
		CB89FA7A2085E7FF0093745B /* UIImage+Rotate.m in Sources */ = {isa = PBXBuildFile; fileRef = CB89FA722085E7FF0093745B /* UIImage+Rotate.m */; };
		CB89FA7B2085E7FF0093745B /* NSString+HMCategory.m in Sources */ = {isa = PBXBuildFile; fileRef = CB89FA732085E7FF0093745B /* NSString+HMCategory.m */; };
		CBBA2082205F9064001F3FDE /* JCTabBarViewController.m in Sources */ = {isa = PBXBuildFile; fileRef = CBBA2081205F9064001F3FDE /* JCTabBarViewController.m */; };
		CBBA2085205F921A001F3FDE /* JCNavigationController.m in Sources */ = {isa = PBXBuildFile; fileRef = CBBA2084205F921A001F3FDE /* JCNavigationController.m */; };
		CBBA208A205F9313001F3FDE /* JCHomeViewController.m in Sources */ = {isa = PBXBuildFile; fileRef = CBBA2089205F9313001F3FDE /* JCHomeViewController.m */; };
		CBBA208F205F9479001F3FDE /* JCMineViewController.m in Sources */ = {isa = PBXBuildFile; fileRef = CBBA208E205F9479001F3FDE /* JCMineViewController.m */; };
		CBBA2094205F95E7001F3FDE /* JCLoginViewController.m in Sources */ = {isa = PBXBuildFile; fileRef = CBBA2093205F95E7001F3FDE /* JCLoginViewController.m */; };
		E847C2AA549D7BF9960777D6 /* libPods-PurchaseProjectUITests.a in Frameworks */ = {isa = PBXBuildFile; fileRef = 86235AE292DC6863898C219A /* libPods-PurchaseProjectUITests.a */; };
/* End PBXBuildFile section */

/* Begin PBXContainerItemProxy section */
		CB5913612058BB0B00D25FE3 /* PBXContainerItemProxy */ = {
			isa = PBXContainerItemProxy;
			containerPortal = CB5913402058BB0B00D25FE3 /* Project object */;
			proxyType = 1;
			remoteGlobalIDString = CB5913472058BB0B00D25FE3;
			remoteInfo = PurchaseProject;
		};
		CB59136C2058BB0B00D25FE3 /* PBXContainerItemProxy */ = {
			isa = PBXContainerItemProxy;
			containerPortal = CB5913402058BB0B00D25FE3 /* Project object */;
			proxyType = 1;
			remoteGlobalIDString = CB5913472058BB0B00D25FE3;
			remoteInfo = PurchaseProject;
		};
/* End PBXContainerItemProxy section */

/* Begin PBXFileReference section */
		0A7401DA7D1EE0B5E39C7390 /* libPods-PurchaseProjectTests.a */ = {isa = PBXFileReference; explicitFileType = archive.ar; includeInIndex = 0; path = "libPods-PurchaseProjectTests.a"; sourceTree = BUILT_PRODUCTS_DIR; };
		4232C137EC8C027204A5DE67 /* Pods-PurchaseProjectTests.release.xcconfig */ = {isa = PBXFileReference; includeInIndex = 1; lastKnownFileType = text.xcconfig; name = "Pods-PurchaseProjectTests.release.xcconfig"; path = "Pods/Target Support Files/Pods-PurchaseProjectTests/Pods-PurchaseProjectTests.release.xcconfig"; sourceTree = "<group>"; };
		74E5BC1A68CFAFBE5E18D527 /* Pods-PurchaseProject.debug.xcconfig */ = {isa = PBXFileReference; includeInIndex = 1; lastKnownFileType = text.xcconfig; name = "Pods-PurchaseProject.debug.xcconfig"; path = "Pods/Target Support Files/Pods-PurchaseProject/Pods-PurchaseProject.debug.xcconfig"; sourceTree = "<group>"; };
		86235AE292DC6863898C219A /* libPods-PurchaseProjectUITests.a */ = {isa = PBXFileReference; explicitFileType = archive.ar; includeInIndex = 0; path = "libPods-PurchaseProjectUITests.a"; sourceTree = BUILT_PRODUCTS_DIR; };
		88EBCA1D1A73C0667BB9BBE9 /* Pods-PurchaseProjectUITests.debug.xcconfig */ = {isa = PBXFileReference; includeInIndex = 1; lastKnownFileType = text.xcconfig; name = "Pods-PurchaseProjectUITests.debug.xcconfig"; path = "Pods/Target Support Files/Pods-PurchaseProjectUITests/Pods-PurchaseProjectUITests.debug.xcconfig"; sourceTree = "<group>"; };
		9101E823F87E17BFA01B4AC8 /* Pods-PurchaseProjectTests.debug.xcconfig */ = {isa = PBXFileReference; includeInIndex = 1; lastKnownFileType = text.xcconfig; name = "Pods-PurchaseProjectTests.debug.xcconfig"; path = "Pods/Target Support Files/Pods-PurchaseProjectTests/Pods-PurchaseProjectTests.debug.xcconfig"; sourceTree = "<group>"; };
		A6769B6ED0F947464990AEA0 /* libPods-PurchaseProject.a */ = {isa = PBXFileReference; explicitFileType = archive.ar; includeInIndex = 0; path = "libPods-PurchaseProject.a"; sourceTree = BUILT_PRODUCTS_DIR; };
		B68CCE8213D0B32D6862019D /* Pods-PurchaseProject.release.xcconfig */ = {isa = PBXFileReference; includeInIndex = 1; lastKnownFileType = text.xcconfig; name = "Pods-PurchaseProject.release.xcconfig"; path = "Pods/Target Support Files/Pods-PurchaseProject/Pods-PurchaseProject.release.xcconfig"; sourceTree = "<group>"; };
		CB46EC65207C958600E8D867 /* Purchase.pch */ = {isa = PBXFileReference; lastKnownFileType = sourcecode.c.h; path = Purchase.pch; sourceTree = "<group>"; };
		CB5913482058BB0B00D25FE3 /* PurchaseProject.app */ = {isa = PBXFileReference; explicitFileType = wrapper.application; includeInIndex = 0; path = PurchaseProject.app; sourceTree = BUILT_PRODUCTS_DIR; };
		CB59134E2058BB0B00D25FE3 /* ViewController.h */ = {isa = PBXFileReference; lastKnownFileType = sourcecode.c.h; path = ViewController.h; sourceTree = "<group>"; };
		CB59134F2058BB0B00D25FE3 /* ViewController.m */ = {isa = PBXFileReference; lastKnownFileType = sourcecode.c.objc; path = ViewController.m; sourceTree = "<group>"; };
		CB5913522058BB0B00D25FE3 /* Base */ = {isa = PBXFileReference; lastKnownFileType = file.storyboard; name = Base; path = Base.lproj/Main.storyboard; sourceTree = "<group>"; };
		CB5913542058BB0B00D25FE3 /* Assets.xcassets */ = {isa = PBXFileReference; lastKnownFileType = folder.assetcatalog; path = Assets.xcassets; sourceTree = "<group>"; };
		CB5913572058BB0B00D25FE3 /* Base */ = {isa = PBXFileReference; lastKnownFileType = file.storyboard; name = Base; path = Base.lproj/LaunchScreen.storyboard; sourceTree = "<group>"; };
		CB5913592058BB0B00D25FE3 /* Info.plist */ = {isa = PBXFileReference; lastKnownFileType = text.plist.xml; path = Info.plist; sourceTree = "<group>"; };
		CB59135A2058BB0B00D25FE3 /* main.m */ = {isa = PBXFileReference; lastKnownFileType = sourcecode.c.objc; path = main.m; sourceTree = "<group>"; };
		CB5913602058BB0B00D25FE3 /* PurchaseProjectTests.xctest */ = {isa = PBXFileReference; explicitFileType = wrapper.cfbundle; includeInIndex = 0; path = PurchaseProjectTests.xctest; sourceTree = BUILT_PRODUCTS_DIR; };
		CB5913642058BB0B00D25FE3 /* PurchaseProjectTests.m */ = {isa = PBXFileReference; lastKnownFileType = sourcecode.c.objc; path = PurchaseProjectTests.m; sourceTree = "<group>"; };
		CB5913662058BB0B00D25FE3 /* Info.plist */ = {isa = PBXFileReference; lastKnownFileType = text.plist.xml; path = Info.plist; sourceTree = "<group>"; };
		CB59136B2058BB0B00D25FE3 /* PurchaseProjectUITests.xctest */ = {isa = PBXFileReference; explicitFileType = wrapper.cfbundle; includeInIndex = 0; path = PurchaseProjectUITests.xctest; sourceTree = BUILT_PRODUCTS_DIR; };
		CB59136F2058BB0B00D25FE3 /* PurchaseProjectUITests.m */ = {isa = PBXFileReference; lastKnownFileType = sourcecode.c.objc; path = PurchaseProjectUITests.m; sourceTree = "<group>"; };
		CB5913712058BB0B00D25FE3 /* Info.plist */ = {isa = PBXFileReference; lastKnownFileType = text.plist.xml; path = Info.plist; sourceTree = "<group>"; };
		CB59137E2058BC0900D25FE3 /* AppDelegate.h */ = {isa = PBXFileReference; fileEncoding = 4; lastKnownFileType = sourcecode.c.h; path = AppDelegate.h; sourceTree = "<group>"; };
		CB59137F2058BC0900D25FE3 /* AppDelegate.m */ = {isa = PBXFileReference; fileEncoding = 4; lastKnownFileType = sourcecode.c.objc; path = AppDelegate.m; sourceTree = "<group>"; };
		CB89FA632085E7FF0093745B /* CommUtls.h */ = {isa = PBXFileReference; fileEncoding = 4; lastKnownFileType = sourcecode.c.h; path = CommUtls.h; sourceTree = "<group>"; };
		CB89FA642085E7FF0093745B /* CommUtls.m */ = {isa = PBXFileReference; fileEncoding = 4; lastKnownFileType = sourcecode.c.objc; path = CommUtls.m; sourceTree = "<group>"; };
		CB89FA662085E7FF0093745B /* UIColor+Addition.h */ = {isa = PBXFileReference; fileEncoding = 4; lastKnownFileType = sourcecode.c.h; path = "UIColor+Addition.h"; sourceTree = "<group>"; };
		CB89FA672085E7FF0093745B /* UIBarButtonItem+HMCategory.m */ = {isa = PBXFileReference; fileEncoding = 4; lastKnownFileType = sourcecode.c.objc; path = "UIBarButtonItem+HMCategory.m"; sourceTree = "<group>"; };
		CB89FA692085E7FF0093745B /* NSString+Valider.h */ = {isa = PBXFileReference; fileEncoding = 4; lastKnownFileType = sourcecode.c.h; path = "NSString+Valider.h"; sourceTree = "<group>"; };
		CB89FA6A2085E7FF0093745B /* UIView+HMCategory.m */ = {isa = PBXFileReference; fileEncoding = 4; lastKnownFileType = sourcecode.c.objc; path = "UIView+HMCategory.m"; sourceTree = "<group>"; };
		CB89FA6B2085E7FF0093745B /* UIImage+Rotate.h */ = {isa = PBXFileReference; fileEncoding = 4; lastKnownFileType = sourcecode.c.h; path = "UIImage+Rotate.h"; sourceTree = "<group>"; };
		CB89FA6C2085E7FF0093745B /* NSString+HMCategory.h */ = {isa = PBXFileReference; fileEncoding = 4; lastKnownFileType = sourcecode.c.h; path = "NSString+HMCategory.h"; sourceTree = "<group>"; };
		CB89FA6D2085E7FF0093745B /* UIView+HMCategory.h */ = {isa = PBXFileReference; fileEncoding = 4; lastKnownFileType = sourcecode.c.h; path = "UIView+HMCategory.h"; sourceTree = "<group>"; };
		CB89FA6F2085E7FF0093745B /* NSString+Valider.m */ = {isa = PBXFileReference; fileEncoding = 4; lastKnownFileType = sourcecode.c.objc; path = "NSString+Valider.m"; sourceTree = "<group>"; };
		CB89FA702085E7FF0093745B /* UIBarButtonItem+HMCategory.h */ = {isa = PBXFileReference; fileEncoding = 4; lastKnownFileType = sourcecode.c.h; path = "UIBarButtonItem+HMCategory.h"; sourceTree = "<group>"; };
		CB89FA712085E7FF0093745B /* UIColor+Addition.m */ = {isa = PBXFileReference; fileEncoding = 4; lastKnownFileType = sourcecode.c.objc; path = "UIColor+Addition.m"; sourceTree = "<group>"; };
		CB89FA722085E7FF0093745B /* UIImage+Rotate.m */ = {isa = PBXFileReference; fileEncoding = 4; lastKnownFileType = sourcecode.c.objc; path = "UIImage+Rotate.m"; sourceTree = "<group>"; };
		CB89FA732085E7FF0093745B /* NSString+HMCategory.m */ = {isa = PBXFileReference; fileEncoding = 4; lastKnownFileType = sourcecode.c.objc; path = "NSString+HMCategory.m"; sourceTree = "<group>"; };
		CBBA2080205F9064001F3FDE /* JCTabBarViewController.h */ = {isa = PBXFileReference; lastKnownFileType = sourcecode.c.h; path = JCTabBarViewController.h; sourceTree = "<group>"; };
		CBBA2081205F9064001F3FDE /* JCTabBarViewController.m */ = {isa = PBXFileReference; lastKnownFileType = sourcecode.c.objc; path = JCTabBarViewController.m; sourceTree = "<group>"; };
		CBBA2083205F921A001F3FDE /* JCNavigationController.h */ = {isa = PBXFileReference; lastKnownFileType = sourcecode.c.h; path = JCNavigationController.h; sourceTree = "<group>"; };
		CBBA2084205F921A001F3FDE /* JCNavigationController.m */ = {isa = PBXFileReference; lastKnownFileType = sourcecode.c.objc; path = JCNavigationController.m; sourceTree = "<group>"; };
		CBBA2088205F9313001F3FDE /* JCHomeViewController.h */ = {isa = PBXFileReference; lastKnownFileType = sourcecode.c.h; path = JCHomeViewController.h; sourceTree = "<group>"; };
		CBBA2089205F9313001F3FDE /* JCHomeViewController.m */ = {isa = PBXFileReference; lastKnownFileType = sourcecode.c.objc; path = JCHomeViewController.m; sourceTree = "<group>"; };
		CBBA208D205F9479001F3FDE /* JCMineViewController.h */ = {isa = PBXFileReference; lastKnownFileType = sourcecode.c.h; path = JCMineViewController.h; sourceTree = "<group>"; };
		CBBA208E205F9479001F3FDE /* JCMineViewController.m */ = {isa = PBXFileReference; lastKnownFileType = sourcecode.c.objc; path = JCMineViewController.m; sourceTree = "<group>"; };
		CBBA2092205F95E7001F3FDE /* JCLoginViewController.h */ = {isa = PBXFileReference; lastKnownFileType = sourcecode.c.h; path = JCLoginViewController.h; sourceTree = "<group>"; };
		CBBA2093205F95E7001F3FDE /* JCLoginViewController.m */ = {isa = PBXFileReference; lastKnownFileType = sourcecode.c.objc; path = JCLoginViewController.m; sourceTree = "<group>"; };
		D5D7E549A2D2D7629F4420FE /* Pods-PurchaseProjectUITests.release.xcconfig */ = {isa = PBXFileReference; includeInIndex = 1; lastKnownFileType = text.xcconfig; name = "Pods-PurchaseProjectUITests.release.xcconfig"; path = "Pods/Target Support Files/Pods-PurchaseProjectUITests/Pods-PurchaseProjectUITests.release.xcconfig"; sourceTree = "<group>"; };
/* End PBXFileReference section */

/* Begin PBXFrameworksBuildPhase section */
		CB5913452058BB0B00D25FE3 /* Frameworks */ = {
			isa = PBXFrameworksBuildPhase;
			buildActionMask = 2147483647;
			files = (
				548E046681A6754015498329 /* libPods-PurchaseProject.a in Frameworks */,
			);
			runOnlyForDeploymentPostprocessing = 0;
		};
		CB59135D2058BB0B00D25FE3 /* Frameworks */ = {
			isa = PBXFrameworksBuildPhase;
			buildActionMask = 2147483647;
			files = (
				C26DE94E3484B76EC76F9310 /* libPods-PurchaseProjectTests.a in Frameworks */,
			);
			runOnlyForDeploymentPostprocessing = 0;
		};
		CB5913682058BB0B00D25FE3 /* Frameworks */ = {
			isa = PBXFrameworksBuildPhase;
			buildActionMask = 2147483647;
			files = (
				E847C2AA549D7BF9960777D6 /* libPods-PurchaseProjectUITests.a in Frameworks */,
			);
			runOnlyForDeploymentPostprocessing = 0;
		};
/* End PBXFrameworksBuildPhase section */

/* Begin PBXGroup section */
		BAAFA9DE52AA208D098BABBB /* Frameworks */ = {
			isa = PBXGroup;
			children = (
				A6769B6ED0F947464990AEA0 /* libPods-PurchaseProject.a */,
				0A7401DA7D1EE0B5E39C7390 /* libPods-PurchaseProjectTests.a */,
				86235AE292DC6863898C219A /* libPods-PurchaseProjectUITests.a */,
			);
			name = Frameworks;
			sourceTree = "<group>";
		};
		CB46EC66207C95ED00E8D867 /* Library */ = {
			isa = PBXGroup;
			children = (
			);
			path = Library;
			sourceTree = "<group>";
		};
		CB46EC67207C95EE00E8D867 /* Category */ = {
			isa = PBXGroup;
			children = (
				CB89FA652085E7FF0093745B /* Categorys */,
				CB89FA622085E7FF0093745B /* Method */,
			);
			path = Category;
			sourceTree = "<group>";
		};
		CB46EC68207C95EE00E8D867 /* Base */ = {
			isa = PBXGroup;
			children = (
			);
			path = Base;
			sourceTree = "<group>";
		};
		CB46EC69207C95EE00E8D867 /* Macro */ = {
			isa = PBXGroup;
			children = (
			);
			path = Macro;
			sourceTree = "<group>";
		};
		CB46EC6A207C95EE00E8D867 /* Network */ = {
			isa = PBXGroup;
			children = (
			);
			path = Network;
			sourceTree = "<group>";
		};
		CB59133F2058BB0B00D25FE3 = {
			isa = PBXGroup;
			children = (
				CB59134A2058BB0B00D25FE3 /* PurchaseProject */,
				CB5913632058BB0B00D25FE3 /* PurchaseProjectTests */,
				CB59136E2058BB0B00D25FE3 /* PurchaseProjectUITests */,
				CB5913492058BB0B00D25FE3 /* Products */,
				EBEFA23F6EA4BB73EF693A0D /* Pods */,
				BAAFA9DE52AA208D098BABBB /* Frameworks */,
			);
			sourceTree = "<group>";
		};
		CB5913492058BB0B00D25FE3 /* Products */ = {
			isa = PBXGroup;
			children = (
				CB5913482058BB0B00D25FE3 /* PurchaseProject.app */,
				CB5913602058BB0B00D25FE3 /* PurchaseProjectTests.xctest */,
				CB59136B2058BB0B00D25FE3 /* PurchaseProjectUITests.xctest */,
			);
			name = Products;
			sourceTree = "<group>";
		};
		CB59134A2058BB0B00D25FE3 /* PurchaseProject */ = {
			isa = PBXGroup;
			children = (
				CBBA207D205F8FD4001F3FDE /* Project */,
				CB59137D2058BC0900D25FE3 /* Resource */,
				CB59134E2058BB0B00D25FE3 /* ViewController.h */,
				CB59134F2058BB0B00D25FE3 /* ViewController.m */,
				CB5913512058BB0B00D25FE3 /* Main.storyboard */,
				CB5913542058BB0B00D25FE3 /* Assets.xcassets */,
				CB5913562058BB0B00D25FE3 /* LaunchScreen.storyboard */,
				CB5913592058BB0B00D25FE3 /* Info.plist */,
				CB59135A2058BB0B00D25FE3 /* main.m */,
			);
			path = PurchaseProject;
			sourceTree = "<group>";
		};
		CB5913632058BB0B00D25FE3 /* PurchaseProjectTests */ = {
			isa = PBXGroup;
			children = (
				CB5913642058BB0B00D25FE3 /* PurchaseProjectTests.m */,
				CB5913662058BB0B00D25FE3 /* Info.plist */,
			);
			path = PurchaseProjectTests;
			sourceTree = "<group>";
		};
		CB59136E2058BB0B00D25FE3 /* PurchaseProjectUITests */ = {
			isa = PBXGroup;
			children = (
				CB59136F2058BB0B00D25FE3 /* PurchaseProjectUITests.m */,
				CB5913712058BB0B00D25FE3 /* Info.plist */,
			);
			path = PurchaseProjectUITests;
			sourceTree = "<group>";
		};
		CB59137D2058BC0900D25FE3 /* Resource */ = {
			isa = PBXGroup;
			children = (
				CB59137E2058BC0900D25FE3 /* AppDelegate.h */,
				CB59137F2058BC0900D25FE3 /* AppDelegate.m */,
				CB46EC65207C958600E8D867 /* Purchase.pch */,
			);
			path = Resource;
			sourceTree = "<group>";
		};
		CB89FA622085E7FF0093745B /* Method */ = {
			isa = PBXGroup;
			children = (
				CB89FA632085E7FF0093745B /* CommUtls.h */,
				CB89FA642085E7FF0093745B /* CommUtls.m */,
			);
			path = Method;
			sourceTree = "<group>";
		};
		CB89FA652085E7FF0093745B /* Categorys */ = {
			isa = PBXGroup;
			children = (
				CB89FA662085E7FF0093745B /* UIColor+Addition.h */,
				CB89FA712085E7FF0093745B /* UIColor+Addition.m */,
				CB89FA702085E7FF0093745B /* UIBarButtonItem+HMCategory.h */,
				CB89FA672085E7FF0093745B /* UIBarButtonItem+HMCategory.m */,
				CB89FA692085E7FF0093745B /* NSString+Valider.h */,
				CB89FA6F2085E7FF0093745B /* NSString+Valider.m */,
				CB89FA6B2085E7FF0093745B /* UIImage+Rotate.h */,
				CB89FA722085E7FF0093745B /* UIImage+Rotate.m */,
				CB89FA6C2085E7FF0093745B /* NSString+HMCategory.h */,
				CB89FA732085E7FF0093745B /* NSString+HMCategory.m */,
				CB89FA6D2085E7FF0093745B /* UIView+HMCategory.h */,
				CB89FA6A2085E7FF0093745B /* UIView+HMCategory.m */,
			);
			path = Categorys;
			sourceTree = "<group>";
		};
		CBBA207D205F8FD4001F3FDE /* Project */ = {
			isa = PBXGroup;
			children = (
				CB46EC68207C95EE00E8D867 /* Base */,
				CB46EC67207C95EE00E8D867 /* Category */,
				CB46EC66207C95ED00E8D867 /* Library */,
				CB46EC69207C95EE00E8D867 /* Macro */,
				CB46EC6A207C95EE00E8D867 /* Network */,
				CBBA2090205F95D3001F3FDE /* Login */,
				CBBA208B205F9464001F3FDE /* Mine */,
				CBBA2086205F92FA001F3FDE /* Home */,
				CBBA207E205F8FD4001F3FDE /* Main */,
			);
			path = Project;
			sourceTree = "<group>";
		};
		CBBA207E205F8FD4001F3FDE /* Main */ = {
			isa = PBXGroup;
			children = (
				CBBA207F205F9014001F3FDE /* Controller */,
			);
			path = Main;
			sourceTree = "<group>";
		};
		CBBA207F205F9014001F3FDE /* Controller */ = {
			isa = PBXGroup;
			children = (
				CBBA2080205F9064001F3FDE /* JCTabBarViewController.h */,
				CBBA2081205F9064001F3FDE /* JCTabBarViewController.m */,
				CBBA2083205F921A001F3FDE /* JCNavigationController.h */,
				CBBA2084205F921A001F3FDE /* JCNavigationController.m */,
			);
			path = Controller;
			sourceTree = "<group>";
		};
		CBBA2086205F92FA001F3FDE /* Home */ = {
			isa = PBXGroup;
			children = (
				CBBA2087205F92FA001F3FDE /* Controller */,
			);
			path = Home;
			sourceTree = "<group>";
		};
		CBBA2087205F92FA001F3FDE /* Controller */ = {
			isa = PBXGroup;
			children = (
				CBBA2088205F9313001F3FDE /* JCHomeViewController.h */,
				CBBA2089205F9313001F3FDE /* JCHomeViewController.m */,
			);
			path = Controller;
			sourceTree = "<group>";
		};
		CBBA208B205F9464001F3FDE /* Mine */ = {
			isa = PBXGroup;
			children = (
				CBBA208C205F9464001F3FDE /* Controller */,
			);
			path = Mine;
			sourceTree = "<group>";
		};
		CBBA208C205F9464001F3FDE /* Controller */ = {
			isa = PBXGroup;
			children = (
				CBBA208D205F9479001F3FDE /* JCMineViewController.h */,
				CBBA208E205F9479001F3FDE /* JCMineViewController.m */,
			);
			path = Controller;
			sourceTree = "<group>";
		};
		CBBA2090205F95D3001F3FDE /* Login */ = {
			isa = PBXGroup;
			children = (
				CBBA2091205F95D3001F3FDE /* Controller */,
			);
			path = Login;
			sourceTree = "<group>";
		};
		CBBA2091205F95D3001F3FDE /* Controller */ = {
			isa = PBXGroup;
			children = (
				CBBA2092205F95E7001F3FDE /* JCLoginViewController.h */,
				CBBA2093205F95E7001F3FDE /* JCLoginViewController.m */,
			);
			path = Controller;
			sourceTree = "<group>";
		};
		EBEFA23F6EA4BB73EF693A0D /* Pods */ = {
			isa = PBXGroup;
			children = (
				74E5BC1A68CFAFBE5E18D527 /* Pods-PurchaseProject.debug.xcconfig */,
				B68CCE8213D0B32D6862019D /* Pods-PurchaseProject.release.xcconfig */,
				9101E823F87E17BFA01B4AC8 /* Pods-PurchaseProjectTests.debug.xcconfig */,
				4232C137EC8C027204A5DE67 /* Pods-PurchaseProjectTests.release.xcconfig */,
				88EBCA1D1A73C0667BB9BBE9 /* Pods-PurchaseProjectUITests.debug.xcconfig */,
				D5D7E549A2D2D7629F4420FE /* Pods-PurchaseProjectUITests.release.xcconfig */,
			);
			name = Pods;
			sourceTree = "<group>";
		};
/* End PBXGroup section */

/* Begin PBXNativeTarget section */
		CB5913472058BB0B00D25FE3 /* PurchaseProject */ = {
			isa = PBXNativeTarget;
			buildConfigurationList = CB5913742058BB0B00D25FE3 /* Build configuration list for PBXNativeTarget "PurchaseProject" */;
			buildPhases = (
				4C36B6B2C3BA4269F98D4F41 /* [CP] Check Pods Manifest.lock */,
				CB5913442058BB0B00D25FE3 /* Sources */,
				CB5913452058BB0B00D25FE3 /* Frameworks */,
				CB5913462058BB0B00D25FE3 /* Resources */,
				D3809C4CCCA720B4D71C6EA7 /* [CP] Embed Pods Frameworks */,
				E38E5C5643FB0C3E0B9D44F4 /* [CP] Copy Pods Resources */,
			);
			buildRules = (
			);
			dependencies = (
			);
			name = PurchaseProject;
			productName = PurchaseProject;
			productReference = CB5913482058BB0B00D25FE3 /* PurchaseProject.app */;
			productType = "com.apple.product-type.application";
		};
		CB59135F2058BB0B00D25FE3 /* PurchaseProjectTests */ = {
			isa = PBXNativeTarget;
			buildConfigurationList = CB5913772058BB0B00D25FE3 /* Build configuration list for PBXNativeTarget "PurchaseProjectTests" */;
			buildPhases = (
				C0F55B135ED049545BF7C50B /* [CP] Check Pods Manifest.lock */,
				CB59135C2058BB0B00D25FE3 /* Sources */,
				CB59135D2058BB0B00D25FE3 /* Frameworks */,
				CB59135E2058BB0B00D25FE3 /* Resources */,
				E08B32C85BB1BE6D624DDC31 /* [CP] Embed Pods Frameworks */,
				347CB4B29F1623C518D7521E /* [CP] Copy Pods Resources */,
			);
			buildRules = (
			);
			dependencies = (
				CB5913622058BB0B00D25FE3 /* PBXTargetDependency */,
			);
			name = PurchaseProjectTests;
			productName = PurchaseProjectTests;
			productReference = CB5913602058BB0B00D25FE3 /* PurchaseProjectTests.xctest */;
			productType = "com.apple.product-type.bundle.unit-test";
		};
		CB59136A2058BB0B00D25FE3 /* PurchaseProjectUITests */ = {
			isa = PBXNativeTarget;
			buildConfigurationList = CB59137A2058BB0B00D25FE3 /* Build configuration list for PBXNativeTarget "PurchaseProjectUITests" */;
			buildPhases = (
				258C4D2BECA23595026EA8C9 /* [CP] Check Pods Manifest.lock */,
				CB5913672058BB0B00D25FE3 /* Sources */,
				CB5913682058BB0B00D25FE3 /* Frameworks */,
				CB5913692058BB0B00D25FE3 /* Resources */,
				CCD2E5DC1D140D9F6DF144E9 /* [CP] Embed Pods Frameworks */,
				625D3D9123913905512308A1 /* [CP] Copy Pods Resources */,
			);
			buildRules = (
			);
			dependencies = (
				CB59136D2058BB0B00D25FE3 /* PBXTargetDependency */,
			);
			name = PurchaseProjectUITests;
			productName = PurchaseProjectUITests;
			productReference = CB59136B2058BB0B00D25FE3 /* PurchaseProjectUITests.xctest */;
			productType = "com.apple.product-type.bundle.ui-testing";
		};
/* End PBXNativeTarget section */

/* Begin PBXProject section */
		CB5913402058BB0B00D25FE3 /* Project object */ = {
			isa = PBXProject;
			attributes = {
				CLASSPREFIX = JC;
				LastUpgradeCheck = 0920;
				ORGANIZATIONNAME = "王云";
				TargetAttributes = {
					CB5913472058BB0B00D25FE3 = {
						CreatedOnToolsVersion = 9.2;
						ProvisioningStyle = Automatic;
					};
					CB59135F2058BB0B00D25FE3 = {
						CreatedOnToolsVersion = 9.2;
						ProvisioningStyle = Automatic;
						TestTargetID = CB5913472058BB0B00D25FE3;
					};
					CB59136A2058BB0B00D25FE3 = {
						CreatedOnToolsVersion = 9.2;
						ProvisioningStyle = Automatic;
						TestTargetID = CB5913472058BB0B00D25FE3;
					};
				};
			};
			buildConfigurationList = CB5913432058BB0B00D25FE3 /* Build configuration list for PBXProject "PurchaseProject" */;
			compatibilityVersion = "Xcode 8.0";
			developmentRegion = en;
			hasScannedForEncodings = 0;
			knownRegions = (
				en,
				Base,
			);
			mainGroup = CB59133F2058BB0B00D25FE3;
			productRefGroup = CB5913492058BB0B00D25FE3 /* Products */;
			projectDirPath = "";
			projectRoot = "";
			targets = (
				CB5913472058BB0B00D25FE3 /* PurchaseProject */,
				CB59135F2058BB0B00D25FE3 /* PurchaseProjectTests */,
				CB59136A2058BB0B00D25FE3 /* PurchaseProjectUITests */,
			);
		};
/* End PBXProject section */

/* Begin PBXResourcesBuildPhase section */
		CB5913462058BB0B00D25FE3 /* Resources */ = {
			isa = PBXResourcesBuildPhase;
			buildActionMask = 2147483647;
			files = (
				CB5913582058BB0B00D25FE3 /* LaunchScreen.storyboard in Resources */,
				CB5913552058BB0B00D25FE3 /* Assets.xcassets in Resources */,
				CB5913532058BB0B00D25FE3 /* Main.storyboard in Resources */,
			);
			runOnlyForDeploymentPostprocessing = 0;
		};
		CB59135E2058BB0B00D25FE3 /* Resources */ = {
			isa = PBXResourcesBuildPhase;
			buildActionMask = 2147483647;
			files = (
			);
			runOnlyForDeploymentPostprocessing = 0;
		};
		CB5913692058BB0B00D25FE3 /* Resources */ = {
			isa = PBXResourcesBuildPhase;
			buildActionMask = 2147483647;
			files = (
			);
			runOnlyForDeploymentPostprocessing = 0;
		};
/* End PBXResourcesBuildPhase section */

/* Begin PBXShellScriptBuildPhase section */
		258C4D2BECA23595026EA8C9 /* [CP] Check Pods Manifest.lock */ = {
			isa = PBXShellScriptBuildPhase;
			buildActionMask = 2147483647;
			files = (
			);
			inputPaths = (
				"${PODS_PODFILE_DIR_PATH}/Podfile.lock",
				"${PODS_ROOT}/Manifest.lock",
			);
			name = "[CP] Check Pods Manifest.lock";
			outputPaths = (
				"$(DERIVED_FILE_DIR)/Pods-PurchaseProjectUITests-checkManifestLockResult.txt",
			);
			runOnlyForDeploymentPostprocessing = 0;
			shellPath = /bin/sh;
			shellScript = "diff \"${PODS_PODFILE_DIR_PATH}/Podfile.lock\" \"${PODS_ROOT}/Manifest.lock\" > /dev/null\nif [ $? != 0 ] ; then\n    # print error to STDERR\n    echo \"error: The sandbox is not in sync with the Podfile.lock. Run 'pod install' or update your CocoaPods installation.\" >&2\n    exit 1\nfi\n# This output is used by Xcode 'outputs' to avoid re-running this script phase.\necho \"SUCCESS\" > \"${SCRIPT_OUTPUT_FILE_0}\"\n";
			showEnvVarsInLog = 0;
		};
		347CB4B29F1623C518D7521E /* [CP] Copy Pods Resources */ = {
			isa = PBXShellScriptBuildPhase;
			buildActionMask = 2147483647;
			files = (
			);
			inputPaths = (
			);
			name = "[CP] Copy Pods Resources";
			outputPaths = (
			);
			runOnlyForDeploymentPostprocessing = 0;
			shellPath = /bin/sh;
			shellScript = "\"${SRCROOT}/Pods/Target Support Files/Pods-PurchaseProjectTests/Pods-PurchaseProjectTests-resources.sh\"\n";
			showEnvVarsInLog = 0;
		};
		4C36B6B2C3BA4269F98D4F41 /* [CP] Check Pods Manifest.lock */ = {
			isa = PBXShellScriptBuildPhase;
			buildActionMask = 2147483647;
			files = (
			);
			inputPaths = (
				"${PODS_PODFILE_DIR_PATH}/Podfile.lock",
				"${PODS_ROOT}/Manifest.lock",
			);
			name = "[CP] Check Pods Manifest.lock";
			outputPaths = (
				"$(DERIVED_FILE_DIR)/Pods-PurchaseProject-checkManifestLockResult.txt",
			);
			runOnlyForDeploymentPostprocessing = 0;
			shellPath = /bin/sh;
			shellScript = "diff \"${PODS_PODFILE_DIR_PATH}/Podfile.lock\" \"${PODS_ROOT}/Manifest.lock\" > /dev/null\nif [ $? != 0 ] ; then\n    # print error to STDERR\n    echo \"error: The sandbox is not in sync with the Podfile.lock. Run 'pod install' or update your CocoaPods installation.\" >&2\n    exit 1\nfi\n# This output is used by Xcode 'outputs' to avoid re-running this script phase.\necho \"SUCCESS\" > \"${SCRIPT_OUTPUT_FILE_0}\"\n";
			showEnvVarsInLog = 0;
		};
		625D3D9123913905512308A1 /* [CP] Copy Pods Resources */ = {
			isa = PBXShellScriptBuildPhase;
			buildActionMask = 2147483647;
			files = (
			);
			inputPaths = (
			);
			name = "[CP] Copy Pods Resources";
			outputPaths = (
			);
			runOnlyForDeploymentPostprocessing = 0;
			shellPath = /bin/sh;
			shellScript = "\"${SRCROOT}/Pods/Target Support Files/Pods-PurchaseProjectUITests/Pods-PurchaseProjectUITests-resources.sh\"\n";
			showEnvVarsInLog = 0;
		};
		C0F55B135ED049545BF7C50B /* [CP] Check Pods Manifest.lock */ = {
			isa = PBXShellScriptBuildPhase;
			buildActionMask = 2147483647;
			files = (
			);
			inputPaths = (
				"${PODS_PODFILE_DIR_PATH}/Podfile.lock",
				"${PODS_ROOT}/Manifest.lock",
			);
			name = "[CP] Check Pods Manifest.lock";
			outputPaths = (
				"$(DERIVED_FILE_DIR)/Pods-PurchaseProjectTests-checkManifestLockResult.txt",
			);
			runOnlyForDeploymentPostprocessing = 0;
			shellPath = /bin/sh;
			shellScript = "diff \"${PODS_PODFILE_DIR_PATH}/Podfile.lock\" \"${PODS_ROOT}/Manifest.lock\" > /dev/null\nif [ $? != 0 ] ; then\n    # print error to STDERR\n    echo \"error: The sandbox is not in sync with the Podfile.lock. Run 'pod install' or update your CocoaPods installation.\" >&2\n    exit 1\nfi\n# This output is used by Xcode 'outputs' to avoid re-running this script phase.\necho \"SUCCESS\" > \"${SCRIPT_OUTPUT_FILE_0}\"\n";
			showEnvVarsInLog = 0;
		};
		CCD2E5DC1D140D9F6DF144E9 /* [CP] Embed Pods Frameworks */ = {
			isa = PBXShellScriptBuildPhase;
			buildActionMask = 2147483647;
			files = (
			);
			inputPaths = (
			);
			name = "[CP] Embed Pods Frameworks";
			outputPaths = (
			);
			runOnlyForDeploymentPostprocessing = 0;
			shellPath = /bin/sh;
			shellScript = "\"${SRCROOT}/Pods/Target Support Files/Pods-PurchaseProjectUITests/Pods-PurchaseProjectUITests-frameworks.sh\"\n";
			showEnvVarsInLog = 0;
		};
		D3809C4CCCA720B4D71C6EA7 /* [CP] Embed Pods Frameworks */ = {
			isa = PBXShellScriptBuildPhase;
			buildActionMask = 2147483647;
			files = (
			);
			inputPaths = (
			);
			name = "[CP] Embed Pods Frameworks";
			outputPaths = (
			);
			runOnlyForDeploymentPostprocessing = 0;
			shellPath = /bin/sh;
			shellScript = "\"${SRCROOT}/Pods/Target Support Files/Pods-PurchaseProject/Pods-PurchaseProject-frameworks.sh\"\n";
			showEnvVarsInLog = 0;
		};
		E08B32C85BB1BE6D624DDC31 /* [CP] Embed Pods Frameworks */ = {
			isa = PBXShellScriptBuildPhase;
			buildActionMask = 2147483647;
			files = (
			);
			inputPaths = (
			);
			name = "[CP] Embed Pods Frameworks";
			outputPaths = (
			);
			runOnlyForDeploymentPostprocessing = 0;
			shellPath = /bin/sh;
			shellScript = "\"${SRCROOT}/Pods/Target Support Files/Pods-PurchaseProjectTests/Pods-PurchaseProjectTests-frameworks.sh\"\n";
			showEnvVarsInLog = 0;
		};
		E38E5C5643FB0C3E0B9D44F4 /* [CP] Copy Pods Resources */ = {
			isa = PBXShellScriptBuildPhase;
			buildActionMask = 2147483647;
			files = (
			);
			inputPaths = (
				"${SRCROOT}/Pods/Target Support Files/Pods-PurchaseProject/Pods-PurchaseProject-resources.sh",
				"${PODS_ROOT}/IQKeyboardManager/IQKeyboardManager/Resources/IQKeyboardManager.bundle",
				"${PODS_ROOT}/MJRefresh/MJRefresh/MJRefresh.bundle",
			);
			name = "[CP] Copy Pods Resources";
			outputPaths = (
				"${TARGET_BUILD_DIR}/${UNLOCALIZED_RESOURCES_FOLDER_PATH}",
			);
			runOnlyForDeploymentPostprocessing = 0;
			shellPath = /bin/sh;
			shellScript = "\"${SRCROOT}/Pods/Target Support Files/Pods-PurchaseProject/Pods-PurchaseProject-resources.sh\"\n";
			showEnvVarsInLog = 0;
		};
/* End PBXShellScriptBuildPhase section */

/* Begin PBXSourcesBuildPhase section */
		CB5913442058BB0B00D25FE3 /* Sources */ = {
			isa = PBXSourcesBuildPhase;
			buildActionMask = 2147483647;
			files = (
				CB89FA772085E7FF0093745B /* UIView+HMCategory.m in Sources */,
				CBBA208F205F9479001F3FDE /* JCMineViewController.m in Sources */,
				CB5913812058BC0A00D25FE3 /* AppDelegate.m in Sources */,
				CB89FA782085E7FF0093745B /* NSString+Valider.m in Sources */,
				CB5913502058BB0B00D25FE3 /* ViewController.m in Sources */,
				CB89FA7B2085E7FF0093745B /* NSString+HMCategory.m in Sources */,
				CB59135B2058BB0B00D25FE3 /* main.m in Sources */,
				CBBA2085205F921A001F3FDE /* JCNavigationController.m in Sources */,
				CB89FA7A2085E7FF0093745B /* UIImage+Rotate.m in Sources */,
				CB89FA752085E7FF0093745B /* UIBarButtonItem+HMCategory.m in Sources */,
				CBBA208A205F9313001F3FDE /* JCHomeViewController.m in Sources */,
				CBBA2082205F9064001F3FDE /* JCTabBarViewController.m in Sources */,
				CB89FA742085E7FF0093745B /* CommUtls.m in Sources */,
				CBBA2094205F95E7001F3FDE /* JCLoginViewController.m in Sources */,
				CB89FA792085E7FF0093745B /* UIColor+Addition.m in Sources */,
			);
			runOnlyForDeploymentPostprocessing = 0;
		};
		CB59135C2058BB0B00D25FE3 /* Sources */ = {
			isa = PBXSourcesBuildPhase;
			buildActionMask = 2147483647;
			files = (
				CB5913652058BB0B00D25FE3 /* PurchaseProjectTests.m in Sources */,
			);
			runOnlyForDeploymentPostprocessing = 0;
		};
		CB5913672058BB0B00D25FE3 /* Sources */ = {
			isa = PBXSourcesBuildPhase;
			buildActionMask = 2147483647;
			files = (
				CB5913702058BB0B00D25FE3 /* PurchaseProjectUITests.m in Sources */,
			);
			runOnlyForDeploymentPostprocessing = 0;
		};
/* End PBXSourcesBuildPhase section */

/* Begin PBXTargetDependency section */
		CB5913622058BB0B00D25FE3 /* PBXTargetDependency */ = {
			isa = PBXTargetDependency;
			target = CB5913472058BB0B00D25FE3 /* PurchaseProject */;
			targetProxy = CB5913612058BB0B00D25FE3 /* PBXContainerItemProxy */;
		};
		CB59136D2058BB0B00D25FE3 /* PBXTargetDependency */ = {
			isa = PBXTargetDependency;
			target = CB5913472058BB0B00D25FE3 /* PurchaseProject */;
			targetProxy = CB59136C2058BB0B00D25FE3 /* PBXContainerItemProxy */;
		};
/* End PBXTargetDependency section */

/* Begin PBXVariantGroup section */
		CB5913512058BB0B00D25FE3 /* Main.storyboard */ = {
			isa = PBXVariantGroup;
			children = (
				CB5913522058BB0B00D25FE3 /* Base */,
			);
			name = Main.storyboard;
			sourceTree = "<group>";
		};
		CB5913562058BB0B00D25FE3 /* LaunchScreen.storyboard */ = {
			isa = PBXVariantGroup;
			children = (
				CB5913572058BB0B00D25FE3 /* Base */,
			);
			name = LaunchScreen.storyboard;
			sourceTree = "<group>";
		};
/* End PBXVariantGroup section */

/* Begin XCBuildConfiguration section */
		CB5913722058BB0B00D25FE3 /* Debug */ = {
			isa = XCBuildConfiguration;
			buildSettings = {
				ALWAYS_SEARCH_USER_PATHS = NO;
				CLANG_ANALYZER_NONNULL = YES;
				CLANG_ANALYZER_NUMBER_OBJECT_CONVERSION = YES_AGGRESSIVE;
				CLANG_CXX_LANGUAGE_STANDARD = "gnu++14";
				CLANG_CXX_LIBRARY = "libc++";
				CLANG_ENABLE_MODULES = YES;
				CLANG_ENABLE_OBJC_ARC = YES;
				CLANG_WARN_BLOCK_CAPTURE_AUTORELEASING = YES;
				CLANG_WARN_BOOL_CONVERSION = YES;
				CLANG_WARN_COMMA = YES;
				CLANG_WARN_CONSTANT_CONVERSION = YES;
				CLANG_WARN_DIRECT_OBJC_ISA_USAGE = YES_ERROR;
				CLANG_WARN_DOCUMENTATION_COMMENTS = YES;
				CLANG_WARN_EMPTY_BODY = YES;
				CLANG_WARN_ENUM_CONVERSION = YES;
				CLANG_WARN_INFINITE_RECURSION = YES;
				CLANG_WARN_INT_CONVERSION = YES;
				CLANG_WARN_NON_LITERAL_NULL_CONVERSION = YES;
				CLANG_WARN_OBJC_LITERAL_CONVERSION = YES;
				CLANG_WARN_OBJC_ROOT_CLASS = YES_ERROR;
				CLANG_WARN_RANGE_LOOP_ANALYSIS = YES;
				CLANG_WARN_STRICT_PROTOTYPES = YES;
				CLANG_WARN_SUSPICIOUS_MOVE = YES;
				CLANG_WARN_UNGUARDED_AVAILABILITY = YES_AGGRESSIVE;
				CLANG_WARN_UNREACHABLE_CODE = YES;
				CLANG_WARN__DUPLICATE_METHOD_MATCH = YES;
				CODE_SIGN_IDENTITY = "iPhone Developer";
				COPY_PHASE_STRIP = NO;
				DEBUG_INFORMATION_FORMAT = dwarf;
				ENABLE_STRICT_OBJC_MSGSEND = YES;
				ENABLE_TESTABILITY = YES;
				GCC_C_LANGUAGE_STANDARD = gnu11;
				GCC_DYNAMIC_NO_PIC = NO;
				GCC_NO_COMMON_BLOCKS = YES;
				GCC_OPTIMIZATION_LEVEL = 0;
				GCC_PREPROCESSOR_DEFINITIONS = (
					"DEBUG=1",
					"$(inherited)",
				);
				GCC_WARN_64_TO_32_BIT_CONVERSION = YES;
				GCC_WARN_ABOUT_RETURN_TYPE = YES_ERROR;
				GCC_WARN_UNDECLARED_SELECTOR = YES;
				GCC_WARN_UNINITIALIZED_AUTOS = YES_AGGRESSIVE;
				GCC_WARN_UNUSED_FUNCTION = YES;
				GCC_WARN_UNUSED_VARIABLE = YES;
				IPHONEOS_DEPLOYMENT_TARGET = 11.2;
				MTL_ENABLE_DEBUG_INFO = YES;
				ONLY_ACTIVE_ARCH = YES;
				SDKROOT = iphoneos;
			};
			name = Debug;
		};
		CB5913732058BB0B00D25FE3 /* Release */ = {
			isa = XCBuildConfiguration;
			buildSettings = {
				ALWAYS_SEARCH_USER_PATHS = NO;
				CLANG_ANALYZER_NONNULL = YES;
				CLANG_ANALYZER_NUMBER_OBJECT_CONVERSION = YES_AGGRESSIVE;
				CLANG_CXX_LANGUAGE_STANDARD = "gnu++14";
				CLANG_CXX_LIBRARY = "libc++";
				CLANG_ENABLE_MODULES = YES;
				CLANG_ENABLE_OBJC_ARC = YES;
				CLANG_WARN_BLOCK_CAPTURE_AUTORELEASING = YES;
				CLANG_WARN_BOOL_CONVERSION = YES;
				CLANG_WARN_COMMA = YES;
				CLANG_WARN_CONSTANT_CONVERSION = YES;
				CLANG_WARN_DIRECT_OBJC_ISA_USAGE = YES_ERROR;
				CLANG_WARN_DOCUMENTATION_COMMENTS = YES;
				CLANG_WARN_EMPTY_BODY = YES;
				CLANG_WARN_ENUM_CONVERSION = YES;
				CLANG_WARN_INFINITE_RECURSION = YES;
				CLANG_WARN_INT_CONVERSION = YES;
				CLANG_WARN_NON_LITERAL_NULL_CONVERSION = YES;
				CLANG_WARN_OBJC_LITERAL_CONVERSION = YES;
				CLANG_WARN_OBJC_ROOT_CLASS = YES_ERROR;
				CLANG_WARN_RANGE_LOOP_ANALYSIS = YES;
				CLANG_WARN_STRICT_PROTOTYPES = YES;
				CLANG_WARN_SUSPICIOUS_MOVE = YES;
				CLANG_WARN_UNGUARDED_AVAILABILITY = YES_AGGRESSIVE;
				CLANG_WARN_UNREACHABLE_CODE = YES;
				CLANG_WARN__DUPLICATE_METHOD_MATCH = YES;
				CODE_SIGN_IDENTITY = "iPhone Developer";
				COPY_PHASE_STRIP = NO;
				DEBUG_INFORMATION_FORMAT = "dwarf-with-dsym";
				ENABLE_NS_ASSERTIONS = NO;
				ENABLE_STRICT_OBJC_MSGSEND = YES;
				GCC_C_LANGUAGE_STANDARD = gnu11;
				GCC_NO_COMMON_BLOCKS = YES;
				GCC_WARN_64_TO_32_BIT_CONVERSION = YES;
				GCC_WARN_ABOUT_RETURN_TYPE = YES_ERROR;
				GCC_WARN_UNDECLARED_SELECTOR = YES;
				GCC_WARN_UNINITIALIZED_AUTOS = YES_AGGRESSIVE;
				GCC_WARN_UNUSED_FUNCTION = YES;
				GCC_WARN_UNUSED_VARIABLE = YES;
				IPHONEOS_DEPLOYMENT_TARGET = 11.2;
				MTL_ENABLE_DEBUG_INFO = NO;
				SDKROOT = iphoneos;
				VALIDATE_PRODUCT = YES;
			};
			name = Release;
		};
		CB5913752058BB0B00D25FE3 /* Debug */ = {
			isa = XCBuildConfiguration;
			baseConfigurationReference = 74E5BC1A68CFAFBE5E18D527 /* Pods-PurchaseProject.debug.xcconfig */;
			buildSettings = {
				ASSETCATALOG_COMPILER_APPICON_NAME = AppIcon;
				CODE_SIGN_STYLE = Automatic;
				GCC_PRECOMPILE_PREFIX_HEADER = YES;
				GCC_PREFIX_HEADER = PurchaseProject/Resource/Purchase.pch;
				INFOPLIST_FILE = PurchaseProject/Info.plist;
				LD_RUNPATH_SEARCH_PATHS = "$(inherited) @executable_path/Frameworks";
				PRODUCT_BUNDLE_IDENTIFIER = com.jingchaokeji.PurchaseProject;
				PRODUCT_NAME = "$(TARGET_NAME)";
				TARGETED_DEVICE_FAMILY = "1,2";
			};
			name = Debug;
		};
		CB5913762058BB0B00D25FE3 /* Release */ = {
			isa = XCBuildConfiguration;
			baseConfigurationReference = B68CCE8213D0B32D6862019D /* Pods-PurchaseProject.release.xcconfig */;
			buildSettings = {
				ASSETCATALOG_COMPILER_APPICON_NAME = AppIcon;
				CODE_SIGN_STYLE = Automatic;
				GCC_PRECOMPILE_PREFIX_HEADER = YES;
				GCC_PREFIX_HEADER = PurchaseProject/Resource/Purchase.pch;
				INFOPLIST_FILE = PurchaseProject/Info.plist;
				LD_RUNPATH_SEARCH_PATHS = "$(inherited) @executable_path/Frameworks";
				PRODUCT_BUNDLE_IDENTIFIER = com.jingchaokeji.PurchaseProject;
				PRODUCT_NAME = "$(TARGET_NAME)";
				TARGETED_DEVICE_FAMILY = "1,2";
			};
			name = Release;
		};
		CB5913782058BB0B00D25FE3 /* Debug */ = {
			isa = XCBuildConfiguration;
			baseConfigurationReference = 9101E823F87E17BFA01B4AC8 /* Pods-PurchaseProjectTests.debug.xcconfig */;
			buildSettings = {
				BUNDLE_LOADER = "$(TEST_HOST)";
				CODE_SIGN_STYLE = Automatic;
				INFOPLIST_FILE = PurchaseProjectTests/Info.plist;
				LD_RUNPATH_SEARCH_PATHS = "$(inherited) @executable_path/Frameworks @loader_path/Frameworks";
				PRODUCT_BUNDLE_IDENTIFIER = com.jingchaokeji.PurchaseProjectTests;
				PRODUCT_NAME = "$(TARGET_NAME)";
				TARGETED_DEVICE_FAMILY = "1,2";
				TEST_HOST = "$(BUILT_PRODUCTS_DIR)/PurchaseProject.app/PurchaseProject";
			};
			name = Debug;
		};
		CB5913792058BB0B00D25FE3 /* Release */ = {
			isa = XCBuildConfiguration;
			baseConfigurationReference = 4232C137EC8C027204A5DE67 /* Pods-PurchaseProjectTests.release.xcconfig */;
			buildSettings = {
				BUNDLE_LOADER = "$(TEST_HOST)";
				CODE_SIGN_STYLE = Automatic;
				INFOPLIST_FILE = PurchaseProjectTests/Info.plist;
				LD_RUNPATH_SEARCH_PATHS = "$(inherited) @executable_path/Frameworks @loader_path/Frameworks";
				PRODUCT_BUNDLE_IDENTIFIER = com.jingchaokeji.PurchaseProjectTests;
				PRODUCT_NAME = "$(TARGET_NAME)";
				TARGETED_DEVICE_FAMILY = "1,2";
				TEST_HOST = "$(BUILT_PRODUCTS_DIR)/PurchaseProject.app/PurchaseProject";
			};
			name = Release;
		};
		CB59137B2058BB0B00D25FE3 /* Debug */ = {
			isa = XCBuildConfiguration;
			baseConfigurationReference = 88EBCA1D1A73C0667BB9BBE9 /* Pods-PurchaseProjectUITests.debug.xcconfig */;
			buildSettings = {
				CODE_SIGN_STYLE = Automatic;
				INFOPLIST_FILE = PurchaseProjectUITests/Info.plist;
				LD_RUNPATH_SEARCH_PATHS = "$(inherited) @executable_path/Frameworks @loader_path/Frameworks";
				PRODUCT_BUNDLE_IDENTIFIER = com.jingchaokeji.PurchaseProjectUITests;
				PRODUCT_NAME = "$(TARGET_NAME)";
				TARGETED_DEVICE_FAMILY = "1,2";
				TEST_TARGET_NAME = PurchaseProject;
			};
			name = Debug;
		};
		CB59137C2058BB0B00D25FE3 /* Release */ = {
			isa = XCBuildConfiguration;
			baseConfigurationReference = D5D7E549A2D2D7629F4420FE /* Pods-PurchaseProjectUITests.release.xcconfig */;
			buildSettings = {
				CODE_SIGN_STYLE = Automatic;
				INFOPLIST_FILE = PurchaseProjectUITests/Info.plist;
				LD_RUNPATH_SEARCH_PATHS = "$(inherited) @executable_path/Frameworks @loader_path/Frameworks";
				PRODUCT_BUNDLE_IDENTIFIER = com.jingchaokeji.PurchaseProjectUITests;
				PRODUCT_NAME = "$(TARGET_NAME)";
				TARGETED_DEVICE_FAMILY = "1,2";
				TEST_TARGET_NAME = PurchaseProject;
			};
			name = Release;
		};
/* End XCBuildConfiguration section */

/* Begin XCConfigurationList section */
		CB5913432058BB0B00D25FE3 /* Build configuration list for PBXProject "PurchaseProject" */ = {
			isa = XCConfigurationList;
			buildConfigurations = (
				CB5913722058BB0B00D25FE3 /* Debug */,
				CB5913732058BB0B00D25FE3 /* Release */,
			);
			defaultConfigurationIsVisible = 0;
			defaultConfigurationName = Release;
		};
		CB5913742058BB0B00D25FE3 /* Build configuration list for PBXNativeTarget "PurchaseProject" */ = {
			isa = XCConfigurationList;
			buildConfigurations = (
				CB5913752058BB0B00D25FE3 /* Debug */,
				CB5913762058BB0B00D25FE3 /* Release */,
			);
			defaultConfigurationIsVisible = 0;
			defaultConfigurationName = Release;
		};
		CB5913772058BB0B00D25FE3 /* Build configuration list for PBXNativeTarget "PurchaseProjectTests" */ = {
			isa = XCConfigurationList;
			buildConfigurations = (
				CB5913782058BB0B00D25FE3 /* Debug */,
				CB5913792058BB0B00D25FE3 /* Release */,
			);
			defaultConfigurationIsVisible = 0;
			defaultConfigurationName = Release;
		};
		CB59137A2058BB0B00D25FE3 /* Build configuration list for PBXNativeTarget "PurchaseProjectUITests" */ = {
			isa = XCConfigurationList;
			buildConfigurations = (
				CB59137B2058BB0B00D25FE3 /* Debug */,
				CB59137C2058BB0B00D25FE3 /* Release */,
			);
			defaultConfigurationIsVisible = 0;
			defaultConfigurationName = Release;
		};
/* End XCConfigurationList section */
	};
	rootObject = CB5913402058BB0B00D25FE3 /* Project object */;
}
